
Microsoft Visual Studio Solution File, Format Version 12.00
# Visual Studio Version 16
VisualStudioVersion = 16.0.30611.23
MinimumVisualStudioVersion = 10.0.40219.1
Project("{FAE04EC0-301F-11D3-BF4B-00C04F79EFBC}") = "MyTrashCollector", "MyTrashCollector\MyTrashCollector.csproj", "{B1C71706-46BA-430C-A413-F62698E47861}"
EndProject
Global
	GlobalSection(SolutionConfigurationPlatforms) = preSolution
		Debug|Any CPU = Debug|Any CPU
		Release|Any CPU = Release|Any CPU
	EndGlobalSection
	GlobalSection(ProjectConfigurationPlatforms) = postSolution
		{B1C71706-46BA-430C-A413-F62698E47861}.Debug|Any CPU.ActiveCfg = Debug|Any CPU
		{B1C71706-46BA-430C-A413-F62698E47861}.Debug|Any CPU.Build.0 = Debug|Any CPU
		{B1C71706-46BA-430C-A413-F62698E47861}.Release|Any CPU.ActiveCfg = Release|Any CPU
		{B1C71706-46BA-430C-A413-F62698E47861}.Release|Any CPU.Build.0 = Release|Any CPU
	EndGlobalSection
	GlobalSection(SolutionProperties) = preSolution
		HideSolutionNode = FALSE
	EndGlobalSection
	GlobalSection(ExtensibilityGlobals) = postSolution
		SolutionGuid = {ED17AF99-8B42-4810-AC7D-17E32022F616}
	EndGlobalSection
EndGlobal
